Microsoft Visual Studio Solution File, Format Version 12.00
# Visual Studio Version 17
VisualStudioVersion = 17.0.32112.339
MinimumVisualStudioVersion = 10.0.40219.1
Project("{2150E333-8FDC-42A3-9474-1A3956D46DE8}") = "src", "src", "{C636E0B7-DB65-49B1-9A7E-05FE547DDD95}"
EndProject
Project("{9A19103F-16F7-4668-BE54-9A1E7A4F7556}") = "MovieLibrary", "src\MovieLibrary\MovieLibrary.csproj", "{38D1183E-34BA-4EBC-AE46-1801833B6B8D}"
EndProject
Project("{9A19103F-16F7-4668-BE54-9A1E7A4F7556}") = "MovieLibrary.Logic", "src\MovieLibrary.Logic\MovieLibrary.Logic.csproj", "{1C0E953A-3D46-4BF7-9288-3F57DA2AF8A9}"
EndProject
Project("{2150E333-8FDC-42A3-9474-1A3956D46DE8}") = "tests", "tests", "{543ECA5C-BE2B-4777-81F3-B1377F044234}"
	ProjectSection(SolutionItems) = preProject
		tests\docker-compose.yaml = tests\docker-compose.yaml
	EndProjectSection
EndProject
Project("{9A19103F-16F7-4668-BE54-9A1E7A4F7556}") = "MovieLibrary.Logic.IntegrationTests", "tests\MovieLibrary.Logic.IntegrationTests\MovieLibrary.Logic.IntegrationTests.csproj", "{6A4D79DC-4C4E-403E-B66F-5DF233292B9E}"
EndProject
Project("{9A19103F-16F7-4668-BE54-9A1E7A4F7556}") = "MovieLibrary.Dal.MongoDB", "src\MovieLibrary.Dal.MongoDB\MovieLibrary.Dal.MongoDB.csproj", "{8C58D720-25B8-4365-9389-5BE70A9B3696}"
EndProject
Project("{9A19103F-16F7-4668-BE54-9A1E7A4F7556}") = "MovieLibrary.IntegrationTests", "tests\MovieLibrary.IntegrationTests\MovieLibrary.IntegrationTests.csproj", "{CAAF399C-60F3-4AFB-88EE-E818285338A2}"
EndProject
Project("{9A19103F-16F7-4668-BE54-9A1E7A4F7556}") = "MovieLibrary.UnitTests", "tests\MovieLibrary.UnitTests\MovieLibrary.UnitTests.csproj", "{2951D1DB-669C-4D88-89C6-D3BAE4C5782F}"
EndProject
Project("{2150E333-8FDC-42A3-9474-1A3956D46DE8}") = "Solution Items", "Solution Items", "{EAF464C3-2443-459B-AE8A-33566E8B8B54}"
	ProjectSection(SolutionItems) = preProject
		CHANGELOG.md = CHANGELOG.md
		Dockerfile = Dockerfile
		MovieLibrary.props = MovieLibrary.props
		MovieLibrary.src.props = MovieLibrary.src.props
		MovieLibrary.tests.props = MovieLibrary.tests.props
	EndProjectSection
EndProject
Project("{2150E333-8FDC-42A3-9474-1A3956D46DE8}") = "build", "build", "{F701C890-18A6-4A9F-8BEA-BC3B4AF72ED1}"
	ProjectSection(SolutionItems) = preProject
		build\build-pipeline.yaml = build\build-pipeline.yaml
	EndProjectSection
EndProject
Global
	GlobalSection(SolutionConfigurationPlatforms) = preSolution
		Debug|Any CPU = Debug|Any CPU
		Release|Any CPU = Release|Any CPU
	EndGlobalSection
	GlobalSection(ProjectConfigurationPlatforms) = postSolution
		{38D1183E-34BA-4EBC-AE46-1801833B6B8D}.Debug|Any CPU.ActiveCfg = Debug|Any CPU
		{38D1183E-34BA-4EBC-AE46-1801833B6B8D}.Debug|Any CPU.Build.0 = Debug|Any CPU
		{38D1183E-34BA-4EBC-AE46-1801833B6B8D}.Release|Any CPU.ActiveCfg = Release|Any CPU
		{38D1183E-34BA-4EBC-AE46-1801833B6B8D}.Release|Any CPU.Build.0 = Release|Any CPU
		{1C0E953A-3D46-4BF7-9288-3F57DA2AF8A9}.Debug|Any CPU.ActiveCfg = Debug|Any CPU
		{1C0E953A-3D46-4BF7-9288-3F57DA2AF8A9}.Debug|Any CPU.Build.0 = Debug|Any CPU
		{1C0E953A-3D46-4BF7-9288-3F57DA2AF8A9}.Release|Any CPU.ActiveCfg = Release|Any CPU
		{1C0E953A-3D46-4BF7-9288-3F57DA2AF8A9}.Release|Any CPU.Build.0 = Release|Any CPU
		{6A4D79DC-4C4E-403E-B66F-5DF233292B9E}.Debug|Any CPU.ActiveCfg = Debug|Any CPU
		{6A4D79DC-4C4E-403E-B66F-5DF233292B9E}.Debug|Any CPU.Build.0 = Debug|Any CPU
		{6A4D79DC-4C4E-403E-B66F-5DF233292B9E}.Release|Any CPU.ActiveCfg = Release|Any CPU
		{6A4D79DC-4C4E-403E-B66F-5DF233292B9E}.Release|Any CPU.Build.0 = Release|Any CPU
		{8C58D720-25B8-4365-9389-5BE70A9B3696}.Debug|Any CPU.ActiveCfg = Debug|Any CPU
		{8C58D720-25B8-4365-9389-5BE70A9B3696}.Debug|Any CPU.Build.0 = Debug|Any CPU
		{8C58D720-25B8-4365-9389-5BE70A9B3696}.Release|Any CPU.ActiveCfg = Release|Any CPU
		{8C58D720-25B8-4365-9389-5BE70A9B3696}.Release|Any CPU.Build.0 = Release|Any CPU
		{CAAF399C-60F3-4AFB-88EE-E818285338A2}.Debug|Any CPU.ActiveCfg = Debug|Any CPU
		{CAAF399C-60F3-4AFB-88EE-E818285338A2}.Debug|Any CPU.Build.0 = Debug|Any CPU
		{CAAF399C-60F3-4AFB-88EE-E818285338A2}.Release|Any CPU.ActiveCfg = Release|Any CPU
		{CAAF399C-60F3-4AFB-88EE-E818285338A2}.Release|Any CPU.Build.0 = Release|Any CPU
		{2951D1DB-669C-4D88-89C6-D3BAE4C5782F}.Debug|Any CPU.ActiveCfg = Debug|Any CPU
		{2951D1DB-669C-4D88-89C6-D3BAE4C5782F}.Debug|Any CPU.Build.0 = Debug|Any CPU
		{2951D1DB-669C-4D88-89C6-D3BAE4C5782F}.Release|Any CPU.ActiveCfg = Release|Any CPU
		{2951D1DB-669C-4D88-89C6-D3BAE4C5782F}.Release|Any CPU.Build.0 = Release|Any CPU
	EndGlobalSection
	GlobalSection(SolutionProperties) = preSolution
		HideSolutionNode = FALSE
	EndGlobalSection
	GlobalSection(NestedProjects) = preSolution
		{38D1183E-34BA-4EBC-AE46-1801833B6B8D} = {C636E0B7-DB65-49B1-9A7E-05FE547DDD95}
		{1C0E953A-3D46-4BF7-9288-3F57DA2AF8A9} = {C636E0B7-DB65-49B1-9A7E-05FE547DDD95}
		{6A4D79DC-4C4E-403E-B66F-5DF233292B9E} = {543ECA5C-BE2B-4777-81F3-B1377F044234}
		{8C58D720-25B8-4365-9389-5BE70A9B3696} = {C636E0B7-DB65-49B1-9A7E-05FE547DDD95}
		{CAAF399C-60F3-4AFB-88EE-E818285338A2} = {543ECA5C-BE2B-4777-81F3-B1377F044234}
		{2951D1DB-669C-4D88-89C6-D3BAE4C5782F} = {543ECA5C-BE2B-4777-81F3-B1377F044234}
	EndGlobalSection
	GlobalSection(ExtensibilityGlobals) = postSolution
		SolutionGuid = {5B570E18-B58F-4031-81EA-D24A3B9ACC63}
	EndGlobalSection
EndGlobal
